
Microsoft Visual Studio Solution File, Format Version 12.00
# Visual Studio Version 16
VisualStudioVersion = 16.0.29209.62
MinimumVisualStudioVersion = 10.0.40219.1
Project("{FAE04EC0-301F-11D3-BF4B-00C04F79EFBC}") = "Server", "Server\Server.csproj", "{02373872-AF46-46FD-BB03-BFDFFC0ADA41}"
EndProject
Project("{FAE04EC0-301F-11D3-BF4B-00C04F79EFBC}") = "Common", "Common\Common.csproj", "{98D853A6-B3C9-4D36-8D2E-7DCC18BB7AAD}"
EndProject
Project("{FAE04EC0-301F-11D3-BF4B-00C04F79EFBC}") = "Client", "Client\Client.csproj", "{833EFCF5-2FD4-4A6E-BEF6-CA0134BCC436}"
EndProject
Global
	GlobalSection(SolutionConfigurationPlatforms) = preSolution
		Debug|Any CPU = Debug|Any CPU
		Release|Any CPU = Release|Any CPU
	EndGlobalSection
	GlobalSection(ProjectConfigurationPlatforms) = postSolution
		{02373872-AF46-46FD-BB03-BFDFFC0ADA41}.Debug|Any CPU.ActiveCfg = Debug|Any CPU
		{02373872-AF46-46FD-BB03-BFDFFC0ADA41}.Debug|Any CPU.Build.0 = Debug|Any CPU
		{02373872-AF46-46FD-BB03-BFDFFC0ADA41}.Release|Any CPU.ActiveCfg = Release|Any CPU
		{02373872-AF46-46FD-BB03-BFDFFC0ADA41}.Release|Any CPU.Build.0 = Release|Any CPU
		{98D853A6-B3C9-4D36-8D2E-7DCC18BB7AAD}.Debug|Any CPU.ActiveCfg = Debug|Any CPU
		{98D853A6-B3C9-4D36-8D2E-7DCC18BB7AAD}.Debug|Any CPU.Build.0 = Debug|Any CPU
		{98D853A6-B3C9-4D36-8D2E-7DCC18BB7AAD}.Release|Any CPU.ActiveCfg = Release|Any CPU
		{98D853A6-B3C9-4D36-8D2E-7DCC18BB7AAD}.Release|Any CPU.Build.0 = Release|Any CPU
		{833EFCF5-2FD4-4A6E-BEF6-CA0134BCC436}.Debug|Any CPU.ActiveCfg = Debug|Any CPU
		{833EFCF5-2FD4-4A6E-BEF6-CA0134BCC436}.Debug|Any CPU.Build.0 = Debug|Any CPU
		{833EFCF5-2FD4-4A6E-BEF6-CA0134BCC436}.Release|Any CPU.ActiveCfg = Release|Any CPU
		{833EFCF5-2FD4-4A6E-BEF6-CA0134BCC436}.Release|Any CPU.Build.0 = Release|Any CPU
	EndGlobalSection
	GlobalSection(SolutionProperties) = preSolution
		HideSolutionNode = FALSE
	EndGlobalSection
	GlobalSection(ExtensibilityGlobals) = postSolution
		SolutionGuid = {88BBC36A-3910-45F2-B0D6-B36AA663D0F1}
	EndGlobalSection
EndGlobal
